
Microsoft Visual Studio Solution File, Format Version 12.00
# Visual Studio Version 16
VisualStudioVersion = 16.0.33801.447
MinimumVisualStudioVersion = 10.0.40219.1
Project("{8BC9CEB8-8B4A-11D0-8D11-00A0C91BC942}") = "CheckHandleTableIndex", "CheckHandleTableIndex\CheckHandleTableIndex.vcxproj", "{6B203F65-0BD4-43B7-BDBD-B28F63B63436}"
EndProject
Project("{8BC9CEB8-8B4A-11D0-8D11-00A0C91BC942}") = "SafeString", "SafeString\SafeString.vcxproj", "{37054758-DF8E-4E8D-BBA1-8306DFD12EDA}"
EndProject
Project("{8BC9CEB8-8B4A-11D0-8D11-00A0C91BC942}") = "ProcessStartAddress", "ProcessStartAddress\ProcessStartAddress.vcxproj", "{51D67C92-151C-4967-A127-AA4D8C7A9806}"
EndProject
Project("{8BC9CEB8-8B4A-11D0-8D11-00A0C91BC942}") = "Alloc", "Alloc\Alloc.vcxproj", "{93F3BEF2-84C6-4524-B47E-183FCF07F190}"
EndProject
Project("{8BC9CEB8-8B4A-11D0-8D11-00A0C91BC942}") = "EnvironmentStrings", "EnvironmentStrings\EnvironmentStrings.vcxproj", "{9299E33E-3F46-4831-8CCA-6F56D611A232}"
EndProject
Project("{8BC9CEB8-8B4A-11D0-8D11-00A0C91BC942}") = "Inherit", "Inherit\Inherit.vcxproj", "{85E5A2AE-3EE1-4EA5-8CA5-4E60F5760656}"
EndProject
Project("{8BC9CEB8-8B4A-11D0-8D11-00A0C91BC942}") = "GetThreadTime", "GetThreadTime\GetThreadTime.vcxproj", "{8F4B5E7A-F09D-4F76-B6DF-0BC94C315011}"
EndProject
Project("{8BC9CEB8-8B4A-11D0-8D11-00A0C91BC942}") = "Alignas", "Alignas\Alignas.vcxproj", "{6B68AD69-F0EA-40F5-9100-B33B728B73BA}"
EndProject
Project("{8BC9CEB8-8B4A-11D0-8D11-00A0C91BC942}") = "CriticalSection", "CriticalSection\CriticalSection.vcxproj", "{FEC7948D-F264-4A5F-B549-2DCC73ABB2B6}"
EndProject
Project("{8BC9CEB8-8B4A-11D0-8D11-00A0C91BC942}") = "EventKernelObject", "EventKernelObject\EventKernelObject.vcxproj", "{817C6B7B-3D2F-4539-8DE5-CFB8416F7372}"
EndProject
Global
	GlobalSection(SolutionConfigurationPlatforms) = preSolution
		Debug|x64 = Debug|x64
		Debug|x86 = Debug|x86
		Release|x64 = Release|x64
		Release|x86 = Release|x86
	EndGlobalSection
	GlobalSection(ProjectConfigurationPlatforms) = postSolution
		{6B203F65-0BD4-43B7-BDBD-B28F63B63436}.Debug|x64.ActiveCfg = Debug|x64
		{6B203F65-0BD4-43B7-BDBD-B28F63B63436}.Debug|x64.Build.0 = Debug|x64
		{6B203F65-0BD4-43B7-BDBD-B28F63B63436}.Debug|x86.ActiveCfg = Debug|Win32
		{6B203F65-0BD4-43B7-BDBD-B28F63B63436}.Debug|x86.Build.0 = Debug|Win32
		{6B203F65-0BD4-43B7-BDBD-B28F63B63436}.Release|x64.ActiveCfg = Release|x64
		{6B203F65-0BD4-43B7-BDBD-B28F63B63436}.Release|x64.Build.0 = Release|x64
		{6B203F65-0BD4-43B7-BDBD-B28F63B63436}.Release|x86.ActiveCfg = Release|Win32
		{6B203F65-0BD4-43B7-BDBD-B28F63B63436}.Release|x86.Build.0 = Release|Win32
		{37054758-DF8E-4E8D-BBA1-8306DFD12EDA}.Debug|x64.ActiveCfg = Debug|x64
		{37054758-DF8E-4E8D-BBA1-8306DFD12EDA}.Debug|x64.Build.0 = Debug|x64
		{37054758-DF8E-4E8D-BBA1-8306DFD12EDA}.Debug|x86.ActiveCfg = Debug|Win32
		{37054758-DF8E-4E8D-BBA1-8306DFD12EDA}.Debug|x86.Build.0 = Debug|Win32
		{37054758-DF8E-4E8D-BBA1-8306DFD12EDA}.Release|x64.ActiveCfg = Release|x64
		{37054758-DF8E-4E8D-BBA1-8306DFD12EDA}.Release|x64.Build.0 = Release|x64
		{37054758-DF8E-4E8D-BBA1-8306DFD12EDA}.Release|x86.ActiveCfg = Release|Win32
		{37054758-DF8E-4E8D-BBA1-8306DFD12EDA}.Release|x86.Build.0 = Release|Win32
		{51D67C92-151C-4967-A127-AA4D8C7A9806}.Debug|x64.ActiveCfg = Debug|x64
		{51D67C92-151C-4967-A127-AA4D8C7A9806}.Debug|x64.Build.0 = Debug|x64
		{51D67C92-151C-4967-A127-AA4D8C7A9806}.Debug|x86.ActiveCfg = Debug|Win32
		{51D67C92-151C-4967-A127-AA4D8C7A9806}.Debug|x86.Build.0 = Debug|Win32
		{51D67C92-151C-4967-A127-AA4D8C7A9806}.Release|x64.ActiveCfg = Release|x64
		{51D67C92-151C-4967-A127-AA4D8C7A9806}.Release|x64.Build.0 = Release|x64
		{51D67C92-151C-4967-A127-AA4D8C7A9806}.Release|x86.ActiveCfg = Release|Win32
		{51D67C92-151C-4967-A127-AA4D8C7A9806}.Release|x86.Build.0 = Release|Win32
		{93F3BEF2-84C6-4524-B47E-183FCF07F190}.Debug|x64.ActiveCfg = Debug|x64
		{93F3BEF2-84C6-4524-B47E-183FCF07F190}.Debug|x64.Build.0 = Debug|x64
		{93F3BEF2-84C6-4524-B47E-183FCF07F190}.Debug|x86.ActiveCfg = Debug|Win32
		{93F3BEF2-84C6-4524-B47E-183FCF07F190}.Debug|x86.Build.0 = Debug|Win32
		{93F3BEF2-84C6-4524-B47E-183FCF07F190}.Release|x64.ActiveCfg = Release|x64
		{93F3BEF2-84C6-4524-B47E-183FCF07F190}.Release|x64.Build.0 = Release|x64
		{93F3BEF2-84C6-4524-B47E-183FCF07F190}.Release|x86.ActiveCfg = Release|Win32
		{93F3BEF2-84C6-4524-B47E-183FCF07F190}.Release|x86.Build.0 = Release|Win32
		{9299E33E-3F46-4831-8CCA-6F56D611A232}.Debug|x64.ActiveCfg = Debug|x64
		{9299E33E-3F46-4831-8CCA-6F56D611A232}.Debug|x64.Build.0 = Debug|x64
		{9299E33E-3F46-4831-8CCA-6F56D611A232}.Debug|x86.ActiveCfg = Debug|Win32
		{9299E33E-3F46-4831-8CCA-6F56D611A232}.Debug|x86.Build.0 = Debug|Win32
		{9299E33E-3F46-4831-8CCA-6F56D611A232}.Release|x64.ActiveCfg = Release|x64
		{9299E33E-3F46-4831-8CCA-6F56D611A232}.Release|x64.Build.0 = Release|x64
		{9299E33E-3F46-4831-8CCA-6F56D611A232}.Release|x86.ActiveCfg = Release|Win32
		{9299E33E-3F46-4831-8CCA-6F56D611A232}.Release|x86.Build.0 = Release|Win32
		{85E5A2AE-3EE1-4EA5-8CA5-4E60F5760656}.Debug|x64.ActiveCfg = Debug|x64
		{85E5A2AE-3EE1-4EA5-8CA5-4E60F5760656}.Debug|x64.Build.0 = Debug|x64
		{85E5A2AE-3EE1-4EA5-8CA5-4E60F5760656}.Debug|x86.ActiveCfg = Debug|Win32
		{85E5A2AE-3EE1-4EA5-8CA5-4E60F5760656}.Debug|x86.Build.0 = Debug|Win32
		{85E5A2AE-3EE1-4EA5-8CA5-4E60F5760656}.Release|x64.ActiveCfg = Release|x64
		{85E5A2AE-3EE1-4EA5-8CA5-4E60F5760656}.Release|x64.Build.0 = Release|x64
		{85E5A2AE-3EE1-4EA5-8CA5-4E60F5760656}.Release|x86.ActiveCfg = Release|Win32
		{85E5A2AE-3EE1-4EA5-8CA5-4E60F5760656}.Release|x86.Build.0 = Release|Win32
		{8F4B5E7A-F09D-4F76-B6DF-0BC94C315011}.Debug|x64.ActiveCfg = Debug|x64
		{8F4B5E7A-F09D-4F76-B6DF-0BC94C315011}.Debug|x64.Build.0 = Debug|x64
		{8F4B5E7A-F09D-4F76-B6DF-0BC94C315011}.Debug|x86.ActiveCfg = Debug|Win32
		{8F4B5E7A-F09D-4F76-B6DF-0BC94C315011}.Debug|x86.Build.0 = Debug|Win32
		{8F4B5E7A-F09D-4F76-B6DF-0BC94C315011}.Release|x64.ActiveCfg = Release|x64
		{8F4B5E7A-F09D-4F76-B6DF-0BC94C315011}.Release|x64.Build.0 = Release|x64
		{8F4B5E7A-F09D-4F76-B6DF-0BC94C315011}.Release|x86.ActiveCfg = Release|Win32
		{8F4B5E7A-F09D-4F76-B6DF-0BC94C315011}.Release|x86.Build.0 = Release|Win32
		{6B68AD69-F0EA-40F5-9100-B33B728B73BA}.Debug|x64.ActiveCfg = Debug|x64
		{6B68AD69-F0EA-40F5-9100-B33B728B73BA}.Debug|x64.Build.0 = Debug|x64
		{6B68AD69-F0EA-40F5-9100-B33B728B73BA}.Debug|x86.ActiveCfg = Debug|Win32
		{6B68AD69-F0EA-40F5-9100-B33B728B73BA}.Debug|x86.Build.0 = Debug|Win32
		{6B68AD69-F0EA-40F5-9100-B33B728B73BA}.Release|x64.ActiveCfg = Release|x64
		{6B68AD69-F0EA-40F5-9100-B33B728B73BA}.Release|x64.Build.0 = Release|x64
		{6B68AD69-F0EA-40F5-9100-B33B728B73BA}.Release|x86.ActiveCfg = Release|Win32
		{6B68AD69-F0EA-40F5-9100-B33B728B73BA}.Release|x86.Build.0 = Release|Win32
		{FEC7948D-F264-4A5F-B549-2DCC73ABB2B6}.Debug|x64.ActiveCfg = Debug|x64
		{FEC7948D-F264-4A5F-B549-2DCC73ABB2B6}.Debug|x64.Build.0 = Debug|x64
		{FEC7948D-F264-4A5F-B549-2DCC73ABB2B6}.Debug|x86.ActiveCfg = Debug|Win32
		{FEC7948D-F264-4A5F-B549-2DCC73ABB2B6}.Debug|x86.Build.0 = Debug|Win32
		{FEC7948D-F264-4A5F-B549-2DCC73ABB2B6}.Release|x64.ActiveCfg = Release|x64
		{FEC7948D-F264-4A5F-B549-2DCC73ABB2B6}.Release|x64.Build.0 = Release|x64
		{FEC7948D-F264-4A5F-B549-2DCC73ABB2B6}.Release|x86.ActiveCfg = Release|Win32
		{FEC7948D-F264-4A5F-B549-2DCC73ABB2B6}.Release|x86.Build.0 = Release|Win32
		{817C6B7B-3D2F-4539-8DE5-CFB8416F7372}.Debug|x64.ActiveCfg = Debug|x64
		{817C6B7B-3D2F-4539-8DE5-CFB8416F7372}.Debug|x64.Build.0 = Debug|x64
		{817C6B7B-3D2F-4539-8DE5-CFB8416F7372}.Debug|x86.ActiveCfg = Debug|Win32
		{817C6B7B-3D2F-4539-8DE5-CFB8416F7372}.Debug|x86.Build.0 = Debug|Win32
		{817C6B7B-3D2F-4539-8DE5-CFB8416F7372}.Release|x64.ActiveCfg = Release|x64
		{817C6B7B-3D2F-4539-8DE5-CFB8416F7372}.Release|x64.Build.0 = Release|x64
		{817C6B7B-3D2F-4539-8DE5-CFB8416F7372}.Release|x86.ActiveCfg = Release|Win32
		{817C6B7B-3D2F-4539-8DE5-CFB8416F7372}.Release|x86.Build.0 = Release|Win32
	EndGlobalSection
	GlobalSection(SolutionProperties) = preSolution
		HideSolutionNode = FALSE
	EndGlobalSection
	GlobalSection(ExtensibilityGlobals) = postSolution
		SolutionGuid = {E5208D5C-327F-4849-854D-011027FF60B1}
	EndGlobalSection
EndGlobal
