
Microsoft Visual Studio Solution File, Format Version 12.00
# Visual Studio Version 17
VisualStudioVersion = 17.8.34330.188
MinimumVisualStudioVersion = 10.0.40219.1
Project("{8BC9CEB8-8B4A-11D0-8D11-00A0C91BC942}") = "CountThread", "CountThread\CountThread.vcxproj", "{BE2D4737-1297-4750-BE8D-622A42A751A0}"
EndProject
Project("{8BC9CEB8-8B4A-11D0-8D11-00A0C91BC942}") = "Strtok", "Strtok\Strtok.vcxproj", "{1D7C24F6-4564-4539-92C2-AA10E7CB0CE6}"
EndProject
Project("{8BC9CEB8-8B4A-11D0-8D11-00A0C91BC942}") = "CriticalSection", "CriticalSection\CriticalSection.vcxproj", "{A8468899-B33C-4D9F-B15B-60EC83EC09D1}"
EndProject
Project("{8BC9CEB8-8B4A-11D0-8D11-00A0C91BC942}") = "InterlockedFunction", "InterlockedFunction\InterlockedFunction.vcxproj", "{36613778-BF7A-46D1-A97F-7EB85219D9AA}"
EndProject
Project("{8BC9CEB8-8B4A-11D0-8D11-00A0C91BC942}") = "Mutex", "Mutex\Mutex.vcxproj", "{9CE632E1-F008-41EF-9039-7365174AD9A0}"
EndProject
Project("{8BC9CEB8-8B4A-11D0-8D11-00A0C91BC942}") = "Semaphore", "Semaphore\Semaphore.vcxproj", "{52262AF5-016C-42B2-A51E-17C702B4DEE0}"
EndProject
Project("{8BC9CEB8-8B4A-11D0-8D11-00A0C91BC942}") = "StringEvent", "StringEvent\StringEvent.vcxproj", "{EC2C9330-BC4D-41F3-94D1-4ACD7C0AB3E7}"
EndProject
Project("{8BC9CEB8-8B4A-11D0-8D11-00A0C91BC942}") = "ThreadPooling", "ThreadPooling\ThreadPooling.vcxproj", "{D57C81A2-B44C-48E2-94F5-0AD0554648C5}"
EndProject
Project("{8BC9CEB8-8B4A-11D0-8D11-00A0C91BC942}") = "test", "test\test.vcxproj", "{71221B65-0411-4BA9-8B8B-EE181B1BD359}"
EndProject
Global
	GlobalSection(SolutionConfigurationPlatforms) = preSolution
		Debug|x64 = Debug|x64
		Debug|x86 = Debug|x86
		Release|x64 = Release|x64
		Release|x86 = Release|x86
	EndGlobalSection
	GlobalSection(ProjectConfigurationPlatforms) = postSolution
		{BE2D4737-1297-4750-BE8D-622A42A751A0}.Debug|x64.ActiveCfg = Debug|x64
		{BE2D4737-1297-4750-BE8D-622A42A751A0}.Debug|x64.Build.0 = Debug|x64
		{BE2D4737-1297-4750-BE8D-622A42A751A0}.Debug|x86.ActiveCfg = Debug|Win32
		{BE2D4737-1297-4750-BE8D-622A42A751A0}.Debug|x86.Build.0 = Debug|Win32
		{BE2D4737-1297-4750-BE8D-622A42A751A0}.Release|x64.ActiveCfg = Release|x64
		{BE2D4737-1297-4750-BE8D-622A42A751A0}.Release|x64.Build.0 = Release|x64
		{BE2D4737-1297-4750-BE8D-622A42A751A0}.Release|x86.ActiveCfg = Release|Win32
		{BE2D4737-1297-4750-BE8D-622A42A751A0}.Release|x86.Build.0 = Release|Win32
		{1D7C24F6-4564-4539-92C2-AA10E7CB0CE6}.Debug|x64.ActiveCfg = Debug|x64
		{1D7C24F6-4564-4539-92C2-AA10E7CB0CE6}.Debug|x64.Build.0 = Debug|x64
		{1D7C24F6-4564-4539-92C2-AA10E7CB0CE6}.Debug|x86.ActiveCfg = Debug|Win32
		{1D7C24F6-4564-4539-92C2-AA10E7CB0CE6}.Debug|x86.Build.0 = Debug|Win32
		{1D7C24F6-4564-4539-92C2-AA10E7CB0CE6}.Release|x64.ActiveCfg = Release|x64
		{1D7C24F6-4564-4539-92C2-AA10E7CB0CE6}.Release|x64.Build.0 = Release|x64
		{1D7C24F6-4564-4539-92C2-AA10E7CB0CE6}.Release|x86.ActiveCfg = Release|Win32
		{1D7C24F6-4564-4539-92C2-AA10E7CB0CE6}.Release|x86.Build.0 = Release|Win32
		{A8468899-B33C-4D9F-B15B-60EC83EC09D1}.Debug|x64.ActiveCfg = Debug|x64
		{A8468899-B33C-4D9F-B15B-60EC83EC09D1}.Debug|x64.Build.0 = Debug|x64
		{A8468899-B33C-4D9F-B15B-60EC83EC09D1}.Debug|x86.ActiveCfg = Debug|Win32
		{A8468899-B33C-4D9F-B15B-60EC83EC09D1}.Debug|x86.Build.0 = Debug|Win32
		{A8468899-B33C-4D9F-B15B-60EC83EC09D1}.Release|x64.ActiveCfg = Release|x64
		{A8468899-B33C-4D9F-B15B-60EC83EC09D1}.Release|x64.Build.0 = Release|x64
		{A8468899-B33C-4D9F-B15B-60EC83EC09D1}.Release|x86.ActiveCfg = Release|Win32
		{A8468899-B33C-4D9F-B15B-60EC83EC09D1}.Release|x86.Build.0 = Release|Win32
		{36613778-BF7A-46D1-A97F-7EB85219D9AA}.Debug|x64.ActiveCfg = Debug|x64
		{36613778-BF7A-46D1-A97F-7EB85219D9AA}.Debug|x64.Build.0 = Debug|x64
		{36613778-BF7A-46D1-A97F-7EB85219D9AA}.Debug|x86.ActiveCfg = Debug|Win32
		{36613778-BF7A-46D1-A97F-7EB85219D9AA}.Debug|x86.Build.0 = Debug|Win32
		{36613778-BF7A-46D1-A97F-7EB85219D9AA}.Release|x64.ActiveCfg = Release|x64
		{36613778-BF7A-46D1-A97F-7EB85219D9AA}.Release|x64.Build.0 = Release|x64
		{36613778-BF7A-46D1-A97F-7EB85219D9AA}.Release|x86.ActiveCfg = Release|Win32
		{36613778-BF7A-46D1-A97F-7EB85219D9AA}.Release|x86.Build.0 = Release|Win32
		{9CE632E1-F008-41EF-9039-7365174AD9A0}.Debug|x64.ActiveCfg = Debug|x64
		{9CE632E1-F008-41EF-9039-7365174AD9A0}.Debug|x64.Build.0 = Debug|x64
		{9CE632E1-F008-41EF-9039-7365174AD9A0}.Debug|x86.ActiveCfg = Debug|Win32
		{9CE632E1-F008-41EF-9039-7365174AD9A0}.Debug|x86.Build.0 = Debug|Win32
		{9CE632E1-F008-41EF-9039-7365174AD9A0}.Release|x64.ActiveCfg = Release|x64
		{9CE632E1-F008-41EF-9039-7365174AD9A0}.Release|x64.Build.0 = Release|x64
		{9CE632E1-F008-41EF-9039-7365174AD9A0}.Release|x86.ActiveCfg = Release|Win32
		{9CE632E1-F008-41EF-9039-7365174AD9A0}.Release|x86.Build.0 = Release|Win32
		{52262AF5-016C-42B2-A51E-17C702B4DEE0}.Debug|x64.ActiveCfg = Debug|x64
		{52262AF5-016C-42B2-A51E-17C702B4DEE0}.Debug|x64.Build.0 = Debug|x64
		{52262AF5-016C-42B2-A51E-17C702B4DEE0}.Debug|x86.ActiveCfg = Debug|Win32
		{52262AF5-016C-42B2-A51E-17C702B4DEE0}.Debug|x86.Build.0 = Debug|Win32
		{52262AF5-016C-42B2-A51E-17C702B4DEE0}.Release|x64.ActiveCfg = Release|x64
		{52262AF5-016C-42B2-A51E-17C702B4DEE0}.Release|x64.Build.0 = Release|x64
		{52262AF5-016C-42B2-A51E-17C702B4DEE0}.Release|x86.ActiveCfg = Release|Win32
		{52262AF5-016C-42B2-A51E-17C702B4DEE0}.Release|x86.Build.0 = Release|Win32
		{EC2C9330-BC4D-41F3-94D1-4ACD7C0AB3E7}.Debug|x64.ActiveCfg = Debug|x64
		{EC2C9330-BC4D-41F3-94D1-4ACD7C0AB3E7}.Debug|x64.Build.0 = Debug|x64
		{EC2C9330-BC4D-41F3-94D1-4ACD7C0AB3E7}.Debug|x86.ActiveCfg = Debug|Win32
		{EC2C9330-BC4D-41F3-94D1-4ACD7C0AB3E7}.Debug|x86.Build.0 = Debug|Win32
		{EC2C9330-BC4D-41F3-94D1-4ACD7C0AB3E7}.Release|x64.ActiveCfg = Release|x64
		{EC2C9330-BC4D-41F3-94D1-4ACD7C0AB3E7}.Release|x64.Build.0 = Release|x64
		{EC2C9330-BC4D-41F3-94D1-4ACD7C0AB3E7}.Release|x86.ActiveCfg = Release|Win32
		{EC2C9330-BC4D-41F3-94D1-4ACD7C0AB3E7}.Release|x86.Build.0 = Release|Win32
		{D57C81A2-B44C-48E2-94F5-0AD0554648C5}.Debug|x64.ActiveCfg = Debug|x64
		{D57C81A2-B44C-48E2-94F5-0AD0554648C5}.Debug|x64.Build.0 = Debug|x64
		{D57C81A2-B44C-48E2-94F5-0AD0554648C5}.Debug|x86.ActiveCfg = Debug|Win32
		{D57C81A2-B44C-48E2-94F5-0AD0554648C5}.Debug|x86.Build.0 = Debug|Win32
		{D57C81A2-B44C-48E2-94F5-0AD0554648C5}.Release|x64.ActiveCfg = Release|x64
		{D57C81A2-B44C-48E2-94F5-0AD0554648C5}.Release|x64.Build.0 = Release|x64
		{D57C81A2-B44C-48E2-94F5-0AD0554648C5}.Release|x86.ActiveCfg = Release|Win32
		{D57C81A2-B44C-48E2-94F5-0AD0554648C5}.Release|x86.Build.0 = Release|Win32
		{71221B65-0411-4BA9-8B8B-EE181B1BD359}.Debug|x64.ActiveCfg = Debug|x64
		{71221B65-0411-4BA9-8B8B-EE181B1BD359}.Debug|x64.Build.0 = Debug|x64
		{71221B65-0411-4BA9-8B8B-EE181B1BD359}.Debug|x86.ActiveCfg = Debug|Win32
		{71221B65-0411-4BA9-8B8B-EE181B1BD359}.Debug|x86.Build.0 = Debug|Win32
		{71221B65-0411-4BA9-8B8B-EE181B1BD359}.Release|x64.ActiveCfg = Release|x64
		{71221B65-0411-4BA9-8B8B-EE181B1BD359}.Release|x64.Build.0 = Release|x64
		{71221B65-0411-4BA9-8B8B-EE181B1BD359}.Release|x86.ActiveCfg = Release|Win32
		{71221B65-0411-4BA9-8B8B-EE181B1BD359}.Release|x86.Build.0 = Release|Win32
	EndGlobalSection
	GlobalSection(SolutionProperties) = preSolution
		HideSolutionNode = FALSE
	EndGlobalSection
	GlobalSection(ExtensibilityGlobals) = postSolution
		SolutionGuid = {229D1E71-7AC6-43DD-B2F4-99AB3A5F6492}
	EndGlobalSection
EndGlobal
